// !$*UTF8*$!
{
	archiveVersion = 1;
	classes = {
	};
	objectVersion = 56;
	objects = {

/* Begin PBXBuildFile section */
		7A04C62229BF949100BE68DC /* calculatorApp.swift in Sources */ = {isa = PBXBuildFile; fileRef = 7A04C62129BF949100BE68DC /* calculatorApp.swift */; };
		7A04C62429BF949100BE68DC /* ContentView.swift in Sources */ = {isa = PBXBuildFile; fileRef = 7A04C62329BF949100BE68DC /* ContentView.swift */; };
		7A04C62629BF949500BE68DC /* Assets.xcassets in Resources */ = {isa = PBXBuildFile; fileRef = 7A04C62529BF949500BE68DC /* Assets.xcassets */; };
		7A04C62929BF949500BE68DC /* Preview Assets.xcassets in Resources */ = {isa = PBXBuildFile; fileRef = 7A04C62829BF949500BE68DC /* Preview Assets.xcassets */; };
		7A04C63329BF949500BE68DC /* calculatorTests.swift in Sources */ = {isa = PBXBuildFile; fileRef = 7A04C63229BF949500BE68DC /* calculatorTests.swift */; };
		7A04C63D29BF949500BE68DC /* calculatorUITests.swift in Sources */ = {isa = PBXBuildFile; fileRef = 7A04C63C29BF949500BE68DC /* calculatorUITests.swift */; };
		7A04C63F29BF949500BE68DC /* calculatorUITestsLaunchTests.swift in Sources */ = {isa = PBXBuildFile; fileRef = 7A04C63E29BF949500BE68DC /* calculatorUITestsLaunchTests.swift */; };
		7A04C64C29BF967F00BE68DC /* ButtonType.swift in Sources */ = {isa = PBXBuildFile; fileRef = 7A04C64B29BF967F00BE68DC /* ButtonType.swift */; };
		7A04C65029BF972D00BE68DC /* Digit.swift in Sources */ = {isa = PBXBuildFile; fileRef = 7A04C64F29BF972D00BE68DC /* Digit.swift */; };
		7A04C65229BF973C00BE68DC /* ArithmeticOperation.swift in Sources */ = {isa = PBXBuildFile; fileRef = 7A04C65129BF973C00BE68DC /* ArithmeticOperation.swift */; };
		7A04C65529BF9C6100BE68DC /* CalculatorButtonStyle.swift in Sources */ = {isa = PBXBuildFile; fileRef = 7A04C65429BF9C6100BE68DC /* CalculatorButtonStyle.swift */; };
/* End PBXBuildFile section */

/* Begin PBXContainerItemProxy section */
		7A04C62F29BF949500BE68DC /* PBXContainerItemProxy */ = {
			isa = PBXContainerItemProxy;
			containerPortal = 7A04C61629BF949100BE68DC /* Project object */;
			proxyType = 1;
			remoteGlobalIDString = 7A04C61D29BF949100BE68DC;
			remoteInfo = calculator;
		};
		7A04C63929BF949500BE68DC /* PBXContainerItemProxy */ = {
			isa = PBXContainerItemProxy;
			containerPortal = 7A04C61629BF949100BE68DC /* Project object */;
			proxyType = 1;
			remoteGlobalIDString = 7A04C61D29BF949100BE68DC;
			remoteInfo = calculator;
		};
/* End PBXContainerItemProxy section */

/* Begin PBXFileReference section */
		7A04C61E29BF949100BE68DC /* calculator.app */ = {isa = PBXFileReference; explicitFileType = wrapper.application; includeInIndex = 0; path = calculator.app; sourceTree = BUILT_PRODUCTS_DIR; };
		7A04C62129BF949100BE68DC /* calculatorApp.swift */ = {isa = PBXFileReference; lastKnownFileType = sourcecode.swift; path = calculatorApp.swift; sourceTree = "<group>"; };
		7A04C62329BF949100BE68DC /* ContentView.swift */ = {isa = PBXFileReference; lastKnownFileType = sourcecode.swift; path = ContentView.swift; sourceTree = "<group>"; };
		7A04C62529BF949500BE68DC /* Assets.xcassets */ = {isa = PBXFileReference; lastKnownFileType = folder.assetcatalog; path = Assets.xcassets; sourceTree = "<group>"; };
		7A04C62829BF949500BE68DC /* Preview Assets.xcassets */ = {isa = PBXFileReference; lastKnownFileType = folder.assetcatalog; path = "Preview Assets.xcassets"; sourceTree = "<group>"; };
		7A04C62E29BF949500BE68DC /* calculatorTests.xctest */ = {isa = PBXFileReference; explicitFileType = wrapper.cfbundle; includeInIndex = 0; path = calculatorTests.xctest; sourceTree = BUILT_PRODUCTS_DIR; };
		7A04C63229BF949500BE68DC /* calculatorTests.swift */ = {isa = PBXFileReference; lastKnownFileType = sourcecode.swift; path = calculatorTests.swift; sourceTree = "<group>"; };
		7A04C63829BF949500BE68DC /* calculatorUITests.xctest */ = {isa = PBXFileReference; explicitFileType = wrapper.cfbundle; includeInIndex = 0; path = calculatorUITests.xctest; sourceTree = BUILT_PRODUCTS_DIR; };
		7A04C63C29BF949500BE68DC /* calculatorUITests.swift */ = {isa = PBXFileReference; lastKnownFileType = sourcecode.swift; path = calculatorUITests.swift; sourceTree = "<group>"; };
		7A04C63E29BF949500BE68DC /* calculatorUITestsLaunchTests.swift */ = {isa = PBXFileReference; lastKnownFileType = sourcecode.swift; path = calculatorUITestsLaunchTests.swift; sourceTree = "<group>"; };
		7A04C64B29BF967F00BE68DC /* ButtonType.swift */ = {isa = PBXFileReference; lastKnownFileType = sourcecode.swift; path = ButtonType.swift; sourceTree = "<group>"; };
		7A04C64F29BF972D00BE68DC /* Digit.swift */ = {isa = PBXFileReference; lastKnownFileType = sourcecode.swift; path = Digit.swift; sourceTree = "<group>"; };
		7A04C65129BF973C00BE68DC /* ArithmeticOperation.swift */ = {isa = PBXFileReference; lastKnownFileType = sourcecode.swift; path = ArithmeticOperation.swift; sourceTree = "<group>"; };
		7A04C65429BF9C6100BE68DC /* CalculatorButtonStyle.swift */ = {isa = PBXFileReference; lastKnownFileType = sourcecode.swift; path = CalculatorButtonStyle.swift; sourceTree = "<group>"; };
/* End PBXFileReference section */

/* Begin PBXFrameworksBuildPhase section */
		7A04C61B29BF949100BE68DC /* Frameworks */ = {
			isa = PBXFrameworksBuildPhase;
			buildActionMask = 2147483647;
			files = (
			);
			runOnlyForDeploymentPostprocessing = 0;
		};
		7A04C62B29BF949500BE68DC /* Frameworks */ = {
			isa = PBXFrameworksBuildPhase;
			buildActionMask = 2147483647;
			files = (
			);
			runOnlyForDeploymentPostprocessing = 0;
		};
		7A04C63529BF949500BE68DC /* Frameworks */ = {
			isa = PBXFrameworksBuildPhase;
			buildActionMask = 2147483647;
			files = (
			);
			runOnlyForDeploymentPostprocessing = 0;
		};
/* End PBXFrameworksBuildPhase section */

/* Begin PBXGroup section */
		7A04C61529BF949100BE68DC = {
			isa = PBXGroup;
			children = (
				7A04C62029BF949100BE68DC /* calculator */,
				7A04C63129BF949500BE68DC /* calculatorTests */,
				7A04C63B29BF949500BE68DC /* calculatorUITests */,
				7A04C61F29BF949100BE68DC /* Products */,
			);
			sourceTree = "<group>";
		};
		7A04C61F29BF949100BE68DC /* Products */ = {
			isa = PBXGroup;
			children = (
				7A04C61E29BF949100BE68DC /* calculator.app */,
				7A04C62E29BF949500BE68DC /* calculatorTests.xctest */,
				7A04C63829BF949500BE68DC /* calculatorUITests.xctest */,
			);
			name = Products;
			sourceTree = "<group>";
		};
		7A04C62029BF949100BE68DC /* calculator */ = {
			isa = PBXGroup;
			children = (
				7A04C65329BF9C3C00BE68DC /* Styles */,
				7A04C62129BF949100BE68DC /* calculatorApp.swift */,
				7A04C64D29BF96AD00BE68DC /* Models */,
				7A04C64E29BF96E800BE68DC /* Views */,
				7A04C62529BF949500BE68DC /* Assets.xcassets */,
				7A04C62729BF949500BE68DC /* Preview Content */,
			);
			path = calculator;
			sourceTree = "<group>";
		};
		7A04C62729BF949500BE68DC /* Preview Content */ = {
			isa = PBXGroup;
			children = (
				7A04C62829BF949500BE68DC /* Preview Assets.xcassets */,
			);
			path = "Preview Content";
			sourceTree = "<group>";
		};
		7A04C63129BF949500BE68DC /* calculatorTests */ = {
			isa = PBXGroup;
			children = (
				7A04C63229BF949500BE68DC /* calculatorTests.swift */,
			);
			path = calculatorTests;
			sourceTree = "<group>";
		};
		7A04C63B29BF949500BE68DC /* calculatorUITests */ = {
			isa = PBXGroup;
			children = (
				7A04C63C29BF949500BE68DC /* calculatorUITests.swift */,
				7A04C63E29BF949500BE68DC /* calculatorUITestsLaunchTests.swift */,
			);
			path = calculatorUITests;
			sourceTree = "<group>";
		};
		7A04C64D29BF96AD00BE68DC /* Models */ = {
			isa = PBXGroup;
			children = (
				7A04C64B29BF967F00BE68DC /* ButtonType.swift */,
				7A04C64F29BF972D00BE68DC /* Digit.swift */,
				7A04C65129BF973C00BE68DC /* ArithmeticOperation.swift */,
			);
			path = Models;
			sourceTree = "<group>";
		};
		7A04C64E29BF96E800BE68DC /* Views */ = {
			isa = PBXGroup;
			children = (
				7A04C62329BF949100BE68DC /* ContentView.swift */,
			);
			path = Views;
			sourceTree = "<group>";
		};
		7A04C65329BF9C3C00BE68DC /* Styles */ = {
			isa = PBXGroup;
			children = (
				7A04C65429BF9C6100BE68DC /* CalculatorButtonStyle.swift */,
			);
			path = Styles;
			sourceTree = "<group>";
		};
/* End PBXGroup section */

/* Begin PBXNativeTarget section */
		7A04C61D29BF949100BE68DC /* calculator */ = {
			isa = PBXNativeTarget;
			buildConfigurationList = 7A04C64229BF949500BE68DC /* Build configuration list for PBXNativeTarget "calculator" */;
			buildPhases = (
				7A04C61A29BF949100BE68DC /* Sources */,
				7A04C61B29BF949100BE68DC /* Frameworks */,
				7A04C61C29BF949100BE68DC /* Resources */,
			);
			buildRules = (
			);
			dependencies = (
			);
			name = calculator;
			productName = calculator;
			productReference = 7A04C61E29BF949100BE68DC /* calculator.app */;
			productType = "com.apple.product-type.application";
		};
		7A04C62D29BF949500BE68DC /* calculatorTests */ = {
			isa = PBXNativeTarget;
			buildConfigurationList = 7A04C64529BF949500BE68DC /* Build configuration list for PBXNativeTarget "calculatorTests" */;
			buildPhases = (
				7A04C62A29BF949500BE68DC /* Sources */,
				7A04C62B29BF949500BE68DC /* Frameworks */,
				7A04C62C29BF949500BE68DC /* Resources */,
			);
			buildRules = (
			);
			dependencies = (
				7A04C63029BF949500BE68DC /* PBXTargetDependency */,
			);
			name = calculatorTests;
			productName = calculatorTests;
			productReference = 7A04C62E29BF949500BE68DC /* calculatorTests.xctest */;
			productType = "com.apple.product-type.bundle.unit-test";
		};
		7A04C63729BF949500BE68DC /* calculatorUITests */ = {
			isa = PBXNativeTarget;
			buildConfigurationList = 7A04C64829BF949500BE68DC /* Build configuration list for PBXNativeTarget "calculatorUITests" */;
			buildPhases = (
				7A04C63429BF949500BE68DC /* Sources */,
				7A04C63529BF949500BE68DC /* Frameworks */,
				7A04C63629BF949500BE68DC /* Resources */,
			);
			buildRules = (
			);
			dependencies = (
				7A04C63A29BF949500BE68DC /* PBXTargetDependency */,
			);
			name = calculatorUITests;
			productName = calculatorUITests;
			productReference = 7A04C63829BF949500BE68DC /* calculatorUITests.xctest */;
			productType = "com.apple.product-type.bundle.ui-testing";
		};
/* End PBXNativeTarget section */

/* Begin PBXProject section */
		7A04C61629BF949100BE68DC /* Project object */ = {
			isa = PBXProject;
			attributes = {
				BuildIndependentTargetsInParallel = 1;
				LastSwiftUpdateCheck = 1420;
				LastUpgradeCheck = 1420;
				TargetAttributes = {
					7A04C61D29BF949100BE68DC = {
						CreatedOnToolsVersion = 14.2;
					};
					7A04C62D29BF949500BE68DC = {
						CreatedOnToolsVersion = 14.2;
						TestTargetID = 7A04C61D29BF949100BE68DC;
					};
					7A04C63729BF949500BE68DC = {
						CreatedOnToolsVersion = 14.2;
						TestTargetID = 7A04C61D29BF949100BE68DC;
					};
				};
			};
			buildConfigurationList = 7A04C61929BF949100BE68DC /* Build configuration list for PBXProject "calculator" */;
			compatibilityVersion = "Xcode 14.0";
			developmentRegion = en;
			hasScannedForEncodings = 0;
			knownRegions = (
				en,
				Base,
			);
			mainGroup = 7A04C61529BF949100BE68DC;
			productRefGroup = 7A04C61F29BF949100BE68DC /* Products */;
			projectDirPath = "";
			projectRoot = "";
			targets = (
				7A04C61D29BF949100BE68DC /* calculator */,
				7A04C62D29BF949500BE68DC /* calculatorTests */,
				7A04C63729BF949500BE68DC /* calculatorUITests */,
			);
		};
/* End PBXProject section */

/* Begin PBXResourcesBuildPhase section */
		7A04C61C29BF949100BE68DC /* Resources */ = {
			isa = PBXResourcesBuildPhase;
			buildActionMask = 2147483647;
			files = (
				7A04C62929BF949500BE68DC /* Preview Assets.xcassets in Resources */,
				7A04C62629BF949500BE68DC /* Assets.xcassets in Resources */,
			);
			runOnlyForDeploymentPostprocessing = 0;
		};
		7A04C62C29BF949500BE68DC /* Resources */ = {
			isa = PBXResourcesBuildPhase;
			buildActionMask = 2147483647;
			files = (
			);
			runOnlyForDeploymentPostprocessing = 0;
		};
		7A04C63629BF949500BE68DC /* Resources */ = {
			isa = PBXResourcesBuildPhase;
			buildActionMask = 2147483647;
			files = (
			);
			runOnlyForDeploymentPostprocessing = 0;
		};
/* End PBXResourcesBuildPhase section */

/* Begin PBXSourcesBuildPhase section */
		7A04C61A29BF949100BE68DC /* Sources */ = {
			isa = PBXSourcesBuildPhase;
			buildActionMask = 2147483647;
			files = (
				7A04C65229BF973C00BE68DC /* ArithmeticOperation.swift in Sources */,
				7A04C62429BF949100BE68DC /* ContentView.swift in Sources */,
				7A04C64C29BF967F00BE68DC /* ButtonType.swift in Sources */,
				7A04C65529BF9C6100BE68DC /* CalculatorButtonStyle.swift in Sources */,
				7A04C62229BF949100BE68DC /* calculatorApp.swift in Sources */,
				7A04C65029BF972D00BE68DC /* Digit.swift in Sources */,
			);
			runOnlyForDeploymentPostprocessing = 0;
		};
		7A04C62A29BF949500BE68DC /* Sources */ = {
			isa = PBXSourcesBuildPhase;
			buildActionMask = 2147483647;
			files = (
				7A04C63329BF949500BE68DC /* calculatorTests.swift in Sources */,
			);
			runOnlyForDeploymentPostprocessing = 0;
		};
		7A04C63429BF949500BE68DC /* Sources */ = {
			isa = PBXSourcesBuildPhase;
			buildActionMask = 2147483647;
			files = (
				7A04C63F29BF949500BE68DC /* calculatorUITestsLaunchTests.swift in Sources */,
				7A04C63D29BF949500BE68DC /* calculatorUITests.swift in Sources */,
			);
			runOnlyForDeploymentPostprocessing = 0;
		};
/* End PBXSourcesBuildPhase section */

/* Begin PBXTargetDependency section */
		7A04C63029BF949500BE68DC /* PBXTargetDependency */ = {
			isa = PBXTargetDependency;
			target = 7A04C61D29BF949100BE68DC /* calculator */;
			targetProxy = 7A04C62F29BF949500BE68DC /* PBXContainerItemProxy */;
		};
		7A04C63A29BF949500BE68DC /* PBXTargetDependency */ = {
			isa = PBXTargetDependency;
			target = 7A04C61D29BF949100BE68DC /* calculator */;
			targetProxy = 7A04C63929BF949500BE68DC /* PBXContainerItemProxy */;
		};
/* End PBXTargetDependency section */

/* Begin XCBuildConfiguration section */
		7A04C64029BF949500BE68DC /* Debug */ = {
			isa = XCBuildConfiguration;
			buildSettings = {
				ALWAYS_SEARCH_USER_PATHS = NO;
				CLANG_ANALYZER_NONNULL = YES;
				CLANG_ANALYZER_NUMBER_OBJECT_CONVERSION = YES_AGGRESSIVE;
				CLANG_CXX_LANGUAGE_STANDARD = "gnu++20";
				CLANG_ENABLE_MODULES = YES;
				CLANG_ENABLE_OBJC_ARC = YES;
				CLANG_ENABLE_OBJC_WEAK = YES;
				CLANG_WARN_BLOCK_CAPTURE_AUTORELEASING = YES;
				CLANG_WARN_BOOL_CONVERSION = YES;
				CLANG_WARN_COMMA = YES;
				CLANG_WARN_CONSTANT_CONVERSION = YES;
				CLANG_WARN_DEPRECATED_OBJC_IMPLEMENTATIONS = YES;
				CLANG_WARN_DIRECT_OBJC_ISA_USAGE = YES_ERROR;
				CLANG_WARN_DOCUMENTATION_COMMENTS = YES;
				CLANG_WARN_EMPTY_BODY = YES;
				CLANG_WARN_ENUM_CONVERSION = YES;
				CLANG_WARN_INFINITE_RECURSION = YES;
				CLANG_WARN_INT_CONVERSION = YES;
				CLANG_WARN_NON_LITERAL_NULL_CONVERSION = YES;
				CLANG_WARN_OBJC_IMPLICIT_RETAIN_SELF = YES;
				CLANG_WARN_OBJC_LITERAL_CONVERSION = YES;
				CLANG_WARN_OBJC_ROOT_CLASS = YES_ERROR;
				CLANG_WARN_QUOTED_INCLUDE_IN_FRAMEWORK_HEADER = YES;
				CLANG_WARN_RANGE_LOOP_ANALYSIS = YES;
				CLANG_WARN_STRICT_PROTOTYPES = YES;
				CLANG_WARN_SUSPICIOUS_MOVE = YES;
				CLANG_WARN_UNGUARDED_AVAILABILITY = YES_AGGRESSIVE;
				CLANG_WARN_UNREACHABLE_CODE = YES;
				CLANG_WARN__DUPLICATE_METHOD_MATCH = YES;
				COPY_PHASE_STRIP = NO;
				DEBUG_INFORMATION_FORMAT = dwarf;
				ENABLE_STRICT_OBJC_MSGSEND = YES;
				ENABLE_TESTABILITY = YES;
				GCC_C_LANGUAGE_STANDARD = gnu11;
				GCC_DYNAMIC_NO_PIC = NO;
				GCC_NO_COMMON_BLOCKS = YES;
				GCC_OPTIMIZATION_LEVEL = 0;
				GCC_PREPROCESSOR_DEFINITIONS = (
					"DEBUG=1",
					"$(inherited)",
				);
				GCC_WARN_64_TO_32_BIT_CONVERSION = YES;
				GCC_WARN_ABOUT_RETURN_TYPE = YES_ERROR;
				GCC_WARN_UNDECLARED_SELECTOR = YES;
				GCC_WARN_UNINITIALIZED_AUTOS = YES_AGGRESSIVE;
				GCC_WARN_UNUSED_FUNCTION = YES;
				GCC_WARN_UNUSED_VARIABLE = YES;
				IPHONEOS_DEPLOYMENT_TARGET = 16.2;
				MTL_ENABLE_DEBUG_INFO = INCLUDE_SOURCE;
				MTL_FAST_MATH = YES;
				ONLY_ACTIVE_ARCH = YES;
				SDKROOT = iphoneos;
				SWIFT_ACTIVE_COMPILATION_CONDITIONS = DEBUG;
				SWIFT_OPTIMIZATION_LEVEL = "-Onone";
			};
			name = Debug;
		};
		7A04C64129BF949500BE68DC /* Release */ = {
			isa = XCBuildConfiguration;
			buildSettings = {
				ALWAYS_SEARCH_USER_PATHS = NO;
				CLANG_ANALYZER_NONNULL = YES;
				CLANG_ANALYZER_NUMBER_OBJECT_CONVERSION = YES_AGGRESSIVE;
				CLANG_CXX_LANGUAGE_STANDARD = "gnu++20";
				CLANG_ENABLE_MODULES = YES;
				CLANG_ENABLE_OBJC_ARC = YES;
				CLANG_ENABLE_OBJC_WEAK = YES;
				CLANG_WARN_BLOCK_CAPTURE_AUTORELEASING = YES;
				CLANG_WARN_BOOL_CONVERSION = YES;
				CLANG_WARN_COMMA = YES;
				CLANG_WARN_CONSTANT_CONVERSION = YES;
				CLANG_WARN_DEPRECATED_OBJC_IMPLEMENTATIONS = YES;
				CLANG_WARN_DIRECT_OBJC_ISA_USAGE = YES_ERROR;
				CLANG_WARN_DOCUMENTATION_COMMENTS = YES;
				CLANG_WARN_EMPTY_BODY = YES;
				CLANG_WARN_ENUM_CONVERSION = YES;
				CLANG_WARN_INFINITE_RECURSION = YES;
				CLANG_WARN_INT_CONVERSION = YES;
				CLANG_WARN_NON_LITERAL_NULL_CONVERSION = YES;
				CLANG_WARN_OBJC_IMPLICIT_RETAIN_SELF = YES;
				CLANG_WARN_OBJC_LITERAL_CONVERSION = YES;
				CLANG_WARN_OBJC_ROOT_CLASS = YES_ERROR;
				CLANG_WARN_QUOTED_INCLUDE_IN_FRAMEWORK_HEADER = YES;
				CLANG_WARN_RANGE_LOOP_ANALYSIS = YES;
				CLANG_WARN_STRICT_PROTOTYPES = YES;
				CLANG_WARN_SUSPICIOUS_MOVE = YES;
				CLANG_WARN_UNGUARDED_AVAILABILITY = YES_AGGRESSIVE;
				CLANG_WARN_UNREACHABLE_CODE = YES;
				CLANG_WARN__DUPLICATE_METHOD_MATCH = YES;
				COPY_PHASE_STRIP = NO;
				DEBUG_INFORMATION_FORMAT = "dwarf-with-dsym";
				ENABLE_NS_ASSERTIONS = NO;
				ENABLE_STRICT_OBJC_MSGSEND = YES;
				GCC_C_LANGUAGE_STANDARD = gnu11;
				GCC_NO_COMMON_BLOCKS = YES;
				GCC_WARN_64_TO_32_BIT_CONVERSION = YES;
				GCC_WARN_ABOUT_RETURN_TYPE = YES_ERROR;
				GCC_WARN_UNDECLARED_SELECTOR = YES;
				GCC_WARN_UNINITIALIZED_AUTOS = YES_AGGRESSIVE;
				GCC_WARN_UNUSED_FUNCTION = YES;
				GCC_WARN_UNUSED_VARIABLE = YES;
				IPHONEOS_DEPLOYMENT_TARGET = 16.2;
				MTL_ENABLE_DEBUG_INFO = NO;
				MTL_FAST_MATH = YES;
				SDKROOT = iphoneos;
				SWIFT_COMPILATION_MODE = wholemodule;
				SWIFT_OPTIMIZATION_LEVEL = "-O";
				VALIDATE_PRODUCT = YES;
			};
			name = Release;
		};
		7A04C64329BF949500BE68DC /* Debug */ = {
			isa = XCBuildConfiguration;
			buildSettings = {
				ASSETCATALOG_COMPILER_APPICON_NAME = AppIcon;
				ASSETCATALOG_COMPILER_GLOBAL_ACCENT_COLOR_NAME = AccentColor;
				CODE_SIGN_STYLE = Automatic;
				CURRENT_PROJECT_VERSION = 1;
				DEVELOPMENT_ASSET_PATHS = "\"calculator/Preview Content\"";
				ENABLE_PREVIEWS = YES;
				GENERATE_INFOPLIST_FILE = YES;
				INFOPLIST_KEY_UIApplicationSceneManifest_Generation = YES;
				INFOPLIST_KEY_UIApplicationSupportsIndirectInputEvents = YES;
				INFOPLIST_KEY_UILaunchScreen_Generation = YES;
				INFOPLIST_KEY_UISupportedInterfaceOrientations_iPad = "UIInterfaceOrientationPortrait UIInterfaceOrientationPortraitUpsideDown UIInterfaceOrientationLandscapeLeft UIInterfaceOrientationLandscapeRight";
				INFOPLIST_KEY_UISupportedInterfaceOrientations_iPhone = "UIInterfaceOrientationPortrait UIInterfaceOrientationLandscapeLeft UIInterfaceOrientationLandscapeRight";
				LD_RUNPATH_SEARCH_PATHS = (
					"$(inherited)",
					"@executable_path/Frameworks",
				);
				MARKETING_VERSION = 1.0;
				PRODUCT_BUNDLE_IDENTIFIER = "Quoc-Le.calculator";
				PRODUCT_NAME = "$(TARGET_NAME)";
				SWIFT_EMIT_LOC_STRINGS = YES;
				SWIFT_VERSION = 5.0;
				TARGETED_DEVICE_FAMILY = "1,2";
			};
			name = Debug;
		};
		7A04C64429BF949500BE68DC /* Release */ = {
			isa = XCBuildConfiguration;
			buildSettings = {
				ASSETCATALOG_COMPILER_APPICON_NAME = AppIcon;
				ASSETCATALOG_COMPILER_GLOBAL_ACCENT_COLOR_NAME = AccentColor;
				CODE_SIGN_STYLE = Automatic;
				CURRENT_PROJECT_VERSION = 1;
				DEVELOPMENT_ASSET_PATHS = "\"calculator/Preview Content\"";
				ENABLE_PREVIEWS = YES;
				GENERATE_INFOPLIST_FILE = YES;
				INFOPLIST_KEY_UIApplicationSceneManifest_Generation = YES;
				INFOPLIST_KEY_UIApplicationSupportsIndirectInputEvents = YES;
				INFOPLIST_KEY_UILaunchScreen_Generation = YES;
				INFOPLIST_KEY_UISupportedInterfaceOrientations_iPad = "UIInterfaceOrientationPortrait UIInterfaceOrientationPortraitUpsideDown UIInterfaceOrientationLandscapeLeft UIInterfaceOrientationLandscapeRight";
				INFOPLIST_KEY_UISupportedInterfaceOrientations_iPhone = "UIInterfaceOrientationPortrait UIInterfaceOrientationLandscapeLeft UIInterfaceOrientationLandscapeRight";
				LD_RUNPATH_SEARCH_PATHS = (
					"$(inherited)",
					"@executable_path/Frameworks",
				);
				MARKETING_VERSION = 1.0;
				PRODUCT_BUNDLE_IDENTIFIER = "Quoc-Le.calculator";
				PRODUCT_NAME = "$(TARGET_NAME)";
				SWIFT_EMIT_LOC_STRINGS = YES;
				SWIFT_VERSION = 5.0;
				TARGETED_DEVICE_FAMILY = "1,2";
			};
			name = Release;
		};
		7A04C64629BF949500BE68DC /* Debug */ = {
			isa = XCBuildConfiguration;
			buildSettings = {
				ALWAYS_EMBED_SWIFT_STANDARD_LIBRARIES = YES;
				BUNDLE_LOADER = "$(TEST_HOST)";
				CODE_SIGN_STYLE = Automatic;
				CURRENT_PROJECT_VERSION = 1;
				GENERATE_INFOPLIST_FILE = YES;
				IPHONEOS_DEPLOYMENT_TARGET = 16.2;
				MARKETING_VERSION = 1.0;
				PRODUCT_BUNDLE_IDENTIFIER = "Quoc-Le.calculatorTests";
				PRODUCT_NAME = "$(TARGET_NAME)";
				SWIFT_EMIT_LOC_STRINGS = NO;
				SWIFT_VERSION = 5.0;
				TARGETED_DEVICE_FAMILY = "1,2";
				TEST_HOST = "$(BUILT_PRODUCTS_DIR)/calculator.app/$(BUNDLE_EXECUTABLE_FOLDER_PATH)/calculator";
			};
			name = Debug;
		};
		7A04C64729BF949500BE68DC /* Release */ = {
			isa = XCBuildConfiguration;
			buildSettings = {
				ALWAYS_EMBED_SWIFT_STANDARD_LIBRARIES = YES;
				BUNDLE_LOADER = "$(TEST_HOST)";
				CODE_SIGN_STYLE = Automatic;
				CURRENT_PROJECT_VERSION = 1;
				GENERATE_INFOPLIST_FILE = YES;
				IPHONEOS_DEPLOYMENT_TARGET = 16.2;
				MARKETING_VERSION = 1.0;
				PRODUCT_BUNDLE_IDENTIFIER = "Quoc-Le.calculatorTests";
				PRODUCT_NAME = "$(TARGET_NAME)";
				SWIFT_EMIT_LOC_STRINGS = NO;
				SWIFT_VERSION = 5.0;
				TARGETED_DEVICE_FAMILY = "1,2";
				TEST_HOST = "$(BUILT_PRODUCTS_DIR)/calculator.app/$(BUNDLE_EXECUTABLE_FOLDER_PATH)/calculator";
			};
			name = Release;
		};
		7A04C64929BF949500BE68DC /* Debug */ = {
			isa = XCBuildConfiguration;
			buildSettings = {
				ALWAYS_EMBED_SWIFT_STANDARD_LIBRARIES = YES;
				CODE_SIGN_STYLE = Automatic;
				CURRENT_PROJECT_VERSION = 1;
				GENERATE_INFOPLIST_FILE = YES;
				MARKETING_VERSION = 1.0;
				PRODUCT_BUNDLE_IDENTIFIER = "Quoc-Le.calculatorUITests";
				PRODUCT_NAME = "$(TARGET_NAME)";
				SWIFT_EMIT_LOC_STRINGS = NO;
				SWIFT_VERSION = 5.0;
				TARGETED_DEVICE_FAMILY = "1,2";
				TEST_TARGET_NAME = calculator;
			};
			name = Debug;
		};
		7A04C64A29BF949500BE68DC /* Release */ = {
			isa = XCBuildConfiguration;
			buildSettings = {
				ALWAYS_EMBED_SWIFT_STANDARD_LIBRARIES = YES;
				CODE_SIGN_STYLE = Automatic;
				CURRENT_PROJECT_VERSION = 1;
				GENERATE_INFOPLIST_FILE = YES;
				MARKETING_VERSION = 1.0;
				PRODUCT_BUNDLE_IDENTIFIER = "Quoc-Le.calculatorUITests";
				PRODUCT_NAME = "$(TARGET_NAME)";
				SWIFT_EMIT_LOC_STRINGS = NO;
				SWIFT_VERSION = 5.0;
				TARGETED_DEVICE_FAMILY = "1,2";
				TEST_TARGET_NAME = calculator;
			};
			name = Release;
		};
/* End XCBuildConfiguration section */

/* Begin XCConfigurationList section */
		7A04C61929BF949100BE68DC /* Build configuration list for PBXProject "calculator" */ = {
			isa = XCConfigurationList;
			buildConfigurations = (
				7A04C64029BF949500BE68DC /* Debug */,
				7A04C64129BF949500BE68DC /* Release */,
			);
			defaultConfigurationIsVisible = 0;
			defaultConfigurationName = Release;
		};
		7A04C64229BF949500BE68DC /* Build configuration list for PBXNativeTarget "calculator" */ = {
			isa = XCConfigurationList;
			buildConfigurations = (
				7A04C64329BF949500BE68DC /* Debug */,
				7A04C64429BF949500BE68DC /* Release */,
			);
			defaultConfigurationIsVisible = 0;
			defaultConfigurationName = Release;
		};
		7A04C64529BF949500BE68DC /* Build configuration list for PBXNativeTarget "calculatorTests" */ = {
			isa = XCConfigurationList;
			buildConfigurations = (
				7A04C64629BF949500BE68DC /* Debug */,
				7A04C64729BF949500BE68DC /* Release */,
			);
			defaultConfigurationIsVisible = 0;
			defaultConfigurationName = Release;
		};
		7A04C64829BF949500BE68DC /* Build configuration list for PBXNativeTarget "calculatorUITests" */ = {
			isa = XCConfigurationList;
			buildConfigurations = (
				7A04C64929BF949500BE68DC /* Debug */,
				7A04C64A29BF949500BE68DC /* Release */,
			);
			defaultConfigurationIsVisible = 0;
			defaultConfigurationName = Release;
		};
/* End XCConfigurationList section */
	};
	rootObject = 7A04C61629BF949100BE68DC /* Project object */;
}
