// !$*UTF8*$!
{
	archiveVersion = 1;
	classes = {
	};
	objectVersion = 56;
	objects = {

/* Begin PBXBuildFile section */
		7A04163B298AEFB000AC2312 /* AppDelegate.m in Sources */ = {isa = PBXBuildFile; fileRef = 7A04163A298AEFB000AC2312 /* AppDelegate.m */; };
		7A04163E298AEFB000AC2312 /* SceneDelegate.m in Sources */ = {isa = PBXBuildFile; fileRef = 7A04163D298AEFB000AC2312 /* SceneDelegate.m */; };
		7A041641298AEFB000AC2312 /* ViewController.m in Sources */ = {isa = PBXBuildFile; fileRef = 7A041640298AEFB000AC2312 /* ViewController.m */; };
		7A041644298AEFB000AC2312 /* Main.storyboard in Resources */ = {isa = PBXBuildFile; fileRef = 7A041642298AEFB000AC2312 /* Main.storyboard */; };
		7A041646298AEFB300AC2312 /* Assets.xcassets in Resources */ = {isa = PBXBuildFile; fileRef = 7A041645298AEFB300AC2312 /* Assets.xcassets */; };
		7A041649298AEFB300AC2312 /* LaunchScreen.storyboard in Resources */ = {isa = PBXBuildFile; fileRef = 7A041647298AEFB300AC2312 /* LaunchScreen.storyboard */; };
		7A04164C298AEFB300AC2312 /* main.m in Sources */ = {isa = PBXBuildFile; fileRef = 7A04164B298AEFB300AC2312 /* main.m */; };
		7A041656298AEFB300AC2312 /* instantEmailTests.m in Sources */ = {isa = PBXBuildFile; fileRef = 7A041655298AEFB300AC2312 /* instantEmailTests.m */; };
		7A041660298AEFB300AC2312 /* instantEmailUITests.m in Sources */ = {isa = PBXBuildFile; fileRef = 7A04165F298AEFB300AC2312 /* instantEmailUITests.m */; };
		7A041662298AEFB300AC2312 /* instantEmailUITestsLaunchTests.m in Sources */ = {isa = PBXBuildFile; fileRef = 7A041661298AEFB300AC2312 /* instantEmailUITestsLaunchTests.m */; };
		7A041670298AEFCF00AC2312 /* MessageUI.framework in Frameworks */ = {isa = PBXBuildFile; fileRef = 7A04166F298AEFCF00AC2312 /* MessageUI.framework */; };
/* End PBXBuildFile section */

/* Begin PBXContainerItemProxy section */
		7A041652298AEFB300AC2312 /* PBXContainerItemProxy */ = {
			isa = PBXContainerItemProxy;
			containerPortal = 7A04162E298AEFB000AC2312 /* Project object */;
			proxyType = 1;
			remoteGlobalIDString = 7A041635298AEFB000AC2312;
			remoteInfo = instantEmail;
		};
		7A04165C298AEFB300AC2312 /* PBXContainerItemProxy */ = {
			isa = PBXContainerItemProxy;
			containerPortal = 7A04162E298AEFB000AC2312 /* Project object */;
			proxyType = 1;
			remoteGlobalIDString = 7A041635298AEFB000AC2312;
			remoteInfo = instantEmail;
		};
/* End PBXContainerItemProxy section */

/* Begin PBXFileReference section */
		7A041636298AEFB000AC2312 /* instaEmail.app */ = {isa = PBXFileReference; explicitFileType = wrapper.application; includeInIndex = 0; path = instaEmail.app; sourceTree = BUILT_PRODUCTS_DIR; };
		7A041639298AEFB000AC2312 /* AppDelegate.h */ = {isa = PBXFileReference; lastKnownFileType = sourcecode.c.h; path = AppDelegate.h; sourceTree = "<group>"; };
		7A04163A298AEFB000AC2312 /* AppDelegate.m */ = {isa = PBXFileReference; lastKnownFileType = sourcecode.c.objc; path = AppDelegate.m; sourceTree = "<group>"; };
		7A04163C298AEFB000AC2312 /* SceneDelegate.h */ = {isa = PBXFileReference; lastKnownFileType = sourcecode.c.h; path = SceneDelegate.h; sourceTree = "<group>"; };
		7A04163D298AEFB000AC2312 /* SceneDelegate.m */ = {isa = PBXFileReference; lastKnownFileType = sourcecode.c.objc; path = SceneDelegate.m; sourceTree = "<group>"; };
		7A04163F298AEFB000AC2312 /* ViewController.h */ = {isa = PBXFileReference; lastKnownFileType = sourcecode.c.h; path = ViewController.h; sourceTree = "<group>"; };
		7A041640298AEFB000AC2312 /* ViewController.m */ = {isa = PBXFileReference; lastKnownFileType = sourcecode.c.objc; path = ViewController.m; sourceTree = "<group>"; };
		7A041643298AEFB000AC2312 /* Base */ = {isa = PBXFileReference; lastKnownFileType = file.storyboard; name = Base; path = Base.lproj/Main.storyboard; sourceTree = "<group>"; };
		7A041645298AEFB300AC2312 /* Assets.xcassets */ = {isa = PBXFileReference; lastKnownFileType = folder.assetcatalog; path = Assets.xcassets; sourceTree = "<group>"; };
		7A041648298AEFB300AC2312 /* Base */ = {isa = PBXFileReference; lastKnownFileType = file.storyboard; name = Base; path = Base.lproj/LaunchScreen.storyboard; sourceTree = "<group>"; };
		7A04164A298AEFB300AC2312 /* Info.plist */ = {isa = PBXFileReference; lastKnownFileType = text.plist.xml; path = Info.plist; sourceTree = "<group>"; };
		7A04164B298AEFB300AC2312 /* main.m */ = {isa = PBXFileReference; lastKnownFileType = sourcecode.c.objc; path = main.m; sourceTree = "<group>"; };
		7A041651298AEFB300AC2312 /* instaEmailTests.xctest */ = {isa = PBXFileReference; explicitFileType = wrapper.cfbundle; includeInIndex = 0; path = instaEmailTests.xctest; sourceTree = BUILT_PRODUCTS_DIR; };
		7A041655298AEFB300AC2312 /* instantEmailTests.m */ = {isa = PBXFileReference; lastKnownFileType = sourcecode.c.objc; path = instantEmailTests.m; sourceTree = "<group>"; };
		7A04165B298AEFB300AC2312 /* instaEmailUITests.xctest */ = {isa = PBXFileReference; explicitFileType = wrapper.cfbundle; includeInIndex = 0; path = instaEmailUITests.xctest; sourceTree = BUILT_PRODUCTS_DIR; };
		7A04165F298AEFB300AC2312 /* instantEmailUITests.m */ = {isa = PBXFileReference; lastKnownFileType = sourcecode.c.objc; path = instantEmailUITests.m; sourceTree = "<group>"; };
		7A041661298AEFB300AC2312 /* instantEmailUITestsLaunchTests.m */ = {isa = PBXFileReference; lastKnownFileType = sourcecode.c.objc; path = instantEmailUITestsLaunchTests.m; sourceTree = "<group>"; };
		7A04166F298AEFCF00AC2312 /* MessageUI.framework */ = {isa = PBXFileReference; lastKnownFileType = wrapper.framework; name = MessageUI.framework; path = System/Library/Frameworks/MessageUI.framework; sourceTree = SDKROOT; };
/* End PBXFileReference section */

/* Begin PBXFrameworksBuildPhase section */
		7A041633298AEFB000AC2312 /* Frameworks */ = {
			isa = PBXFrameworksBuildPhase;
			buildActionMask = 2147483647;
			files = (
				7A041670298AEFCF00AC2312 /* MessageUI.framework in Frameworks */,
			);
			runOnlyForDeploymentPostprocessing = 0;
		};
		7A04164E298AEFB300AC2312 /* Frameworks */ = {
			isa = PBXFrameworksBuildPhase;
			buildActionMask = 2147483647;
			files = (
			);
			runOnlyForDeploymentPostprocessing = 0;
		};
		7A041658298AEFB300AC2312 /* Frameworks */ = {
			isa = PBXFrameworksBuildPhase;
			buildActionMask = 2147483647;
			files = (
			);
			runOnlyForDeploymentPostprocessing = 0;
		};
/* End PBXFrameworksBuildPhase section */

/* Begin PBXGroup section */
		7A04162D298AEFB000AC2312 = {
			isa = PBXGroup;
			children = (
				7A041638298AEFB000AC2312 /* instantEmail */,
				7A041654298AEFB300AC2312 /* instantEmailTests */,
				7A04165E298AEFB300AC2312 /* instantEmailUITests */,
				7A041637298AEFB000AC2312 /* Products */,
				7A04166E298AEFCF00AC2312 /* Frameworks */,
			);
			sourceTree = "<group>";
		};
		7A041637298AEFB000AC2312 /* Products */ = {
			isa = PBXGroup;
			children = (
				7A041636298AEFB000AC2312 /* instaEmail.app */,
				7A041651298AEFB300AC2312 /* instaEmailTests.xctest */,
				7A04165B298AEFB300AC2312 /* instaEmailUITests.xctest */,
			);
			name = Products;
			sourceTree = "<group>";
		};
		7A041638298AEFB000AC2312 /* instantEmail */ = {
			isa = PBXGroup;
			children = (
				7A041639298AEFB000AC2312 /* AppDelegate.h */,
				7A04163A298AEFB000AC2312 /* AppDelegate.m */,
				7A04163C298AEFB000AC2312 /* SceneDelegate.h */,
				7A04163D298AEFB000AC2312 /* SceneDelegate.m */,
				7A04163F298AEFB000AC2312 /* ViewController.h */,
				7A041640298AEFB000AC2312 /* ViewController.m */,
				7A041642298AEFB000AC2312 /* Main.storyboard */,
				7A041645298AEFB300AC2312 /* Assets.xcassets */,
				7A041647298AEFB300AC2312 /* LaunchScreen.storyboard */,
				7A04164A298AEFB300AC2312 /* Info.plist */,
				7A04164B298AEFB300AC2312 /* main.m */,
			);
			path = instantEmail;
			sourceTree = "<group>";
		};
		7A041654298AEFB300AC2312 /* instantEmailTests */ = {
			isa = PBXGroup;
			children = (
				7A041655298AEFB300AC2312 /* instantEmailTests.m */,
			);
			path = instantEmailTests;
			sourceTree = "<group>";
		};
		7A04165E298AEFB300AC2312 /* instantEmailUITests */ = {
			isa = PBXGroup;
			children = (
				7A04165F298AEFB300AC2312 /* instantEmailUITests.m */,
				7A041661298AEFB300AC2312 /* instantEmailUITestsLaunchTests.m */,
			);
			path = instantEmailUITests;
			sourceTree = "<group>";
		};
		7A04166E298AEFCF00AC2312 /* Frameworks */ = {
			isa = PBXGroup;
			children = (
				7A04166F298AEFCF00AC2312 /* MessageUI.framework */,
			);
			name = Frameworks;
			sourceTree = "<group>";
		};
/* End PBXGroup section */

/* Begin PBXNativeTarget section */
		7A041635298AEFB000AC2312 /* instaEmail */ = {
			isa = PBXNativeTarget;
			buildConfigurationList = 7A041665298AEFB300AC2312 /* Build configuration list for PBXNativeTarget "instaEmail" */;
			buildPhases = (
				7A041632298AEFB000AC2312 /* Sources */,
				7A041633298AEFB000AC2312 /* Frameworks */,
				7A041634298AEFB000AC2312 /* Resources */,
			);
			buildRules = (
			);
			dependencies = (
			);
			name = instaEmail;
			productName = instantEmail;
			productReference = 7A041636298AEFB000AC2312 /* instaEmail.app */;
			productType = "com.apple.product-type.application";
		};
		7A041650298AEFB300AC2312 /* instaEmailTests */ = {
			isa = PBXNativeTarget;
			buildConfigurationList = 7A041668298AEFB300AC2312 /* Build configuration list for PBXNativeTarget "instaEmailTests" */;
			buildPhases = (
				7A04164D298AEFB300AC2312 /* Sources */,
				7A04164E298AEFB300AC2312 /* Frameworks */,
				7A04164F298AEFB300AC2312 /* Resources */,
			);
			buildRules = (
			);
			dependencies = (
				7A041653298AEFB300AC2312 /* PBXTargetDependency */,
			);
			name = instaEmailTests;
			productName = instantEmailTests;
			productReference = 7A041651298AEFB300AC2312 /* instaEmailTests.xctest */;
			productType = "com.apple.product-type.bundle.unit-test";
		};
		7A04165A298AEFB300AC2312 /* instaEmailUITests */ = {
			isa = PBXNativeTarget;
			buildConfigurationList = 7A04166B298AEFB300AC2312 /* Build configuration list for PBXNativeTarget "instaEmailUITests" */;
			buildPhases = (
				7A041657298AEFB300AC2312 /* Sources */,
				7A041658298AEFB300AC2312 /* Frameworks */,
				7A041659298AEFB300AC2312 /* Resources */,
			);
			buildRules = (
			);
			dependencies = (
				7A04165D298AEFB300AC2312 /* PBXTargetDependency */,
			);
			name = instaEmailUITests;
			productName = instantEmailUITests;
			productReference = 7A04165B298AEFB300AC2312 /* instaEmailUITests.xctest */;
			productType = "com.apple.product-type.bundle.ui-testing";
		};
/* End PBXNativeTarget section */

/* Begin PBXProject section */
		7A04162E298AEFB000AC2312 /* Project object */ = {
			isa = PBXProject;
			attributes = {
				BuildIndependentTargetsInParallel = 1;
				LastUpgradeCheck = 1420;
				TargetAttributes = {
					7A041635298AEFB000AC2312 = {
						CreatedOnToolsVersion = 14.2;
					};
					7A041650298AEFB300AC2312 = {
						CreatedOnToolsVersion = 14.2;
						TestTargetID = 7A041635298AEFB000AC2312;
					};
					7A04165A298AEFB300AC2312 = {
						CreatedOnToolsVersion = 14.2;
						TestTargetID = 7A041635298AEFB000AC2312;
					};
				};
			};
			buildConfigurationList = 7A041631298AEFB000AC2312 /* Build configuration list for PBXProject "instaEmail" */;
			compatibilityVersion = "Xcode 14.0";
			developmentRegion = en;
			hasScannedForEncodings = 0;
			knownRegions = (
				en,
				Base,
			);
			mainGroup = 7A04162D298AEFB000AC2312;
			productRefGroup = 7A041637298AEFB000AC2312 /* Products */;
			projectDirPath = "";
			projectRoot = "";
			targets = (
				7A041635298AEFB000AC2312 /* instaEmail */,
				7A041650298AEFB300AC2312 /* instaEmailTests */,
				7A04165A298AEFB300AC2312 /* instaEmailUITests */,
			);
		};
/* End PBXProject section */

/* Begin PBXResourcesBuildPhase section */
		7A041634298AEFB000AC2312 /* Resources */ = {
			isa = PBXResourcesBuildPhase;
			buildActionMask = 2147483647;
			files = (
				7A041649298AEFB300AC2312 /* LaunchScreen.storyboard in Resources */,
				7A041646298AEFB300AC2312 /* Assets.xcassets in Resources */,
				7A041644298AEFB000AC2312 /* Main.storyboard in Resources */,
			);
			runOnlyForDeploymentPostprocessing = 0;
		};
		7A04164F298AEFB300AC2312 /* Resources */ = {
			isa = PBXResourcesBuildPhase;
			buildActionMask = 2147483647;
			files = (
			);
			runOnlyForDeploymentPostprocessing = 0;
		};
		7A041659298AEFB300AC2312 /* Resources */ = {
			isa = PBXResourcesBuildPhase;
			buildActionMask = 2147483647;
			files = (
			);
			runOnlyForDeploymentPostprocessing = 0;
		};
/* End PBXResourcesBuildPhase section */

/* Begin PBXSourcesBuildPhase section */
		7A041632298AEFB000AC2312 /* Sources */ = {
			isa = PBXSourcesBuildPhase;
			buildActionMask = 2147483647;
			files = (
				7A041641298AEFB000AC2312 /* ViewController.m in Sources */,
				7A04163B298AEFB000AC2312 /* AppDelegate.m in Sources */,
				7A04164C298AEFB300AC2312 /* main.m in Sources */,
				7A04163E298AEFB000AC2312 /* SceneDelegate.m in Sources */,
			);
			runOnlyForDeploymentPostprocessing = 0;
		};
		7A04164D298AEFB300AC2312 /* Sources */ = {
			isa = PBXSourcesBuildPhase;
			buildActionMask = 2147483647;
			files = (
				7A041656298AEFB300AC2312 /* instantEmailTests.m in Sources */,
			);
			runOnlyForDeploymentPostprocessing = 0;
		};
		7A041657298AEFB300AC2312 /* Sources */ = {
			isa = PBXSourcesBuildPhase;
			buildActionMask = 2147483647;
			files = (
				7A041662298AEFB300AC2312 /* instantEmailUITestsLaunchTests.m in Sources */,
				7A041660298AEFB300AC2312 /* instantEmailUITests.m in Sources */,
			);
			runOnlyForDeploymentPostprocessing = 0;
		};
/* End PBXSourcesBuildPhase section */

/* Begin PBXTargetDependency section */
		7A041653298AEFB300AC2312 /* PBXTargetDependency */ = {
			isa = PBXTargetDependency;
			target = 7A041635298AEFB000AC2312 /* instaEmail */;
			targetProxy = 7A041652298AEFB300AC2312 /* PBXContainerItemProxy */;
		};
		7A04165D298AEFB300AC2312 /* PBXTargetDependency */ = {
			isa = PBXTargetDependency;
			target = 7A041635298AEFB000AC2312 /* instaEmail */;
			targetProxy = 7A04165C298AEFB300AC2312 /* PBXContainerItemProxy */;
		};
/* End PBXTargetDependency section */

/* Begin PBXVariantGroup section */
		7A041642298AEFB000AC2312 /* Main.storyboard */ = {
			isa = PBXVariantGroup;
			children = (
				7A041643298AEFB000AC2312 /* Base */,
			);
			name = Main.storyboard;
			sourceTree = "<group>";
		};
		7A041647298AEFB300AC2312 /* LaunchScreen.storyboard */ = {
			isa = PBXVariantGroup;
			children = (
				7A041648298AEFB300AC2312 /* Base */,
			);
			name = LaunchScreen.storyboard;
			sourceTree = "<group>";
		};
/* End PBXVariantGroup section */

/* Begin XCBuildConfiguration section */
		7A041663298AEFB300AC2312 /* Debug */ = {
			isa = XCBuildConfiguration;
			buildSettings = {
				ALWAYS_SEARCH_USER_PATHS = NO;
				CLANG_ANALYZER_NONNULL = YES;
				CLANG_ANALYZER_NUMBER_OBJECT_CONVERSION = YES_AGGRESSIVE;
				CLANG_CXX_LANGUAGE_STANDARD = "gnu++20";
				CLANG_ENABLE_MODULES = YES;
				CLANG_ENABLE_OBJC_ARC = YES;
				CLANG_ENABLE_OBJC_WEAK = YES;
				CLANG_WARN_BLOCK_CAPTURE_AUTORELEASING = YES;
				CLANG_WARN_BOOL_CONVERSION = YES;
				CLANG_WARN_COMMA = YES;
				CLANG_WARN_CONSTANT_CONVERSION = YES;
				CLANG_WARN_DEPRECATED_OBJC_IMPLEMENTATIONS = YES;
				CLANG_WARN_DIRECT_OBJC_ISA_USAGE = YES_ERROR;
				CLANG_WARN_DOCUMENTATION_COMMENTS = YES;
				CLANG_WARN_EMPTY_BODY = YES;
				CLANG_WARN_ENUM_CONVERSION = YES;
				CLANG_WARN_INFINITE_RECURSION = YES;
				CLANG_WARN_INT_CONVERSION = YES;
				CLANG_WARN_NON_LITERAL_NULL_CONVERSION = YES;
				CLANG_WARN_OBJC_IMPLICIT_RETAIN_SELF = YES;
				CLANG_WARN_OBJC_LITERAL_CONVERSION = YES;
				CLANG_WARN_OBJC_ROOT_CLASS = YES_ERROR;
				CLANG_WARN_QUOTED_INCLUDE_IN_FRAMEWORK_HEADER = YES;
				CLANG_WARN_RANGE_LOOP_ANALYSIS = YES;
				CLANG_WARN_STRICT_PROTOTYPES = YES;
				CLANG_WARN_SUSPICIOUS_MOVE = YES;
				CLANG_WARN_UNGUARDED_AVAILABILITY = YES_AGGRESSIVE;
				CLANG_WARN_UNREACHABLE_CODE = YES;
				CLANG_WARN__DUPLICATE_METHOD_MATCH = YES;
				COPY_PHASE_STRIP = NO;
				DEBUG_INFORMATION_FORMAT = dwarf;
				ENABLE_STRICT_OBJC_MSGSEND = YES;
				ENABLE_TESTABILITY = YES;
				GCC_C_LANGUAGE_STANDARD = gnu11;
				GCC_DYNAMIC_NO_PIC = NO;
				GCC_NO_COMMON_BLOCKS = YES;
				GCC_OPTIMIZATION_LEVEL = 0;
				GCC_PREPROCESSOR_DEFINITIONS = (
					"DEBUG=1",
					"$(inherited)",
				);
				GCC_WARN_64_TO_32_BIT_CONVERSION = YES;
				GCC_WARN_ABOUT_RETURN_TYPE = YES_ERROR;
				GCC_WARN_UNDECLARED_SELECTOR = YES;
				GCC_WARN_UNINITIALIZED_AUTOS = YES_AGGRESSIVE;
				GCC_WARN_UNUSED_FUNCTION = YES;
				GCC_WARN_UNUSED_VARIABLE = YES;
				IPHONEOS_DEPLOYMENT_TARGET = 16.2;
				MTL_ENABLE_DEBUG_INFO = INCLUDE_SOURCE;
				MTL_FAST_MATH = YES;
				ONLY_ACTIVE_ARCH = YES;
				SDKROOT = iphoneos;
			};
			name = Debug;
		};
		7A041664298AEFB300AC2312 /* Release */ = {
			isa = XCBuildConfiguration;
			buildSettings = {
				ALWAYS_SEARCH_USER_PATHS = NO;
				CLANG_ANALYZER_NONNULL = YES;
				CLANG_ANALYZER_NUMBER_OBJECT_CONVERSION = YES_AGGRESSIVE;
				CLANG_CXX_LANGUAGE_STANDARD = "gnu++20";
				CLANG_ENABLE_MODULES = YES;
				CLANG_ENABLE_OBJC_ARC = YES;
				CLANG_ENABLE_OBJC_WEAK = YES;
				CLANG_WARN_BLOCK_CAPTURE_AUTORELEASING = YES;
				CLANG_WARN_BOOL_CONVERSION = YES;
				CLANG_WARN_COMMA = YES;
				CLANG_WARN_CONSTANT_CONVERSION = YES;
				CLANG_WARN_DEPRECATED_OBJC_IMPLEMENTATIONS = YES;
				CLANG_WARN_DIRECT_OBJC_ISA_USAGE = YES_ERROR;
				CLANG_WARN_DOCUMENTATION_COMMENTS = YES;
				CLANG_WARN_EMPTY_BODY = YES;
				CLANG_WARN_ENUM_CONVERSION = YES;
				CLANG_WARN_INFINITE_RECURSION = YES;
				CLANG_WARN_INT_CONVERSION = YES;
				CLANG_WARN_NON_LITERAL_NULL_CONVERSION = YES;
				CLANG_WARN_OBJC_IMPLICIT_RETAIN_SELF = YES;
				CLANG_WARN_OBJC_LITERAL_CONVERSION = YES;
				CLANG_WARN_OBJC_ROOT_CLASS = YES_ERROR;
				CLANG_WARN_QUOTED_INCLUDE_IN_FRAMEWORK_HEADER = YES;
				CLANG_WARN_RANGE_LOOP_ANALYSIS = YES;
				CLANG_WARN_STRICT_PROTOTYPES = YES;
				CLANG_WARN_SUSPICIOUS_MOVE = YES;
				CLANG_WARN_UNGUARDED_AVAILABILITY = YES_AGGRESSIVE;
				CLANG_WARN_UNREACHABLE_CODE = YES;
				CLANG_WARN__DUPLICATE_METHOD_MATCH = YES;
				COPY_PHASE_STRIP = NO;
				DEBUG_INFORMATION_FORMAT = "dwarf-with-dsym";
				ENABLE_NS_ASSERTIONS = NO;
				ENABLE_STRICT_OBJC_MSGSEND = YES;
				GCC_C_LANGUAGE_STANDARD = gnu11;
				GCC_NO_COMMON_BLOCKS = YES;
				GCC_WARN_64_TO_32_BIT_CONVERSION = YES;
				GCC_WARN_ABOUT_RETURN_TYPE = YES_ERROR;
				GCC_WARN_UNDECLARED_SELECTOR = YES;
				GCC_WARN_UNINITIALIZED_AUTOS = YES_AGGRESSIVE;
				GCC_WARN_UNUSED_FUNCTION = YES;
				GCC_WARN_UNUSED_VARIABLE = YES;
				IPHONEOS_DEPLOYMENT_TARGET = 16.2;
				MTL_ENABLE_DEBUG_INFO = NO;
				MTL_FAST_MATH = YES;
				SDKROOT = iphoneos;
				VALIDATE_PRODUCT = YES;
			};
			name = Release;
		};
		7A041666298AEFB300AC2312 /* Debug */ = {
			isa = XCBuildConfiguration;
			buildSettings = {
				ASSETCATALOG_COMPILER_APPICON_NAME = AppIcon;
				ASSETCATALOG_COMPILER_GLOBAL_ACCENT_COLOR_NAME = AccentColor;
				CODE_SIGN_STYLE = Automatic;
				CURRENT_PROJECT_VERSION = 1;
				GENERATE_INFOPLIST_FILE = YES;
				INFOPLIST_FILE = instantEmail/Info.plist;
				INFOPLIST_KEY_UIApplicationSupportsIndirectInputEvents = YES;
				INFOPLIST_KEY_UILaunchStoryboardName = LaunchScreen;
				INFOPLIST_KEY_UIMainStoryboardFile = Main;
				INFOPLIST_KEY_UISupportedInterfaceOrientations_iPad = "UIInterfaceOrientationPortrait UIInterfaceOrientationPortraitUpsideDown UIInterfaceOrientationLandscapeLeft UIInterfaceOrientationLandscapeRight";
				INFOPLIST_KEY_UISupportedInterfaceOrientations_iPhone = "UIInterfaceOrientationPortrait UIInterfaceOrientationLandscapeLeft UIInterfaceOrientationLandscapeRight";
				LD_RUNPATH_SEARCH_PATHS = (
					"$(inherited)",
					"@executable_path/Frameworks",
				);
				MARKETING_VERSION = 1.0;
				PRODUCT_BUNDLE_IDENTIFIER = "Quoc-Le.instantEmail";
				PRODUCT_NAME = "$(TARGET_NAME)";
				SWIFT_EMIT_LOC_STRINGS = YES;
				TARGETED_DEVICE_FAMILY = "1,2";
			};
			name = Debug;
		};
		7A041667298AEFB300AC2312 /* Release */ = {
			isa = XCBuildConfiguration;
			buildSettings = {
				ASSETCATALOG_COMPILER_APPICON_NAME = AppIcon;
				ASSETCATALOG_COMPILER_GLOBAL_ACCENT_COLOR_NAME = AccentColor;
				CODE_SIGN_STYLE = Automatic;
				CURRENT_PROJECT_VERSION = 1;
				GENERATE_INFOPLIST_FILE = YES;
				INFOPLIST_FILE = instantEmail/Info.plist;
				INFOPLIST_KEY_UIApplicationSupportsIndirectInputEvents = YES;
				INFOPLIST_KEY_UILaunchStoryboardName = LaunchScreen;
				INFOPLIST_KEY_UIMainStoryboardFile = Main;
				INFOPLIST_KEY_UISupportedInterfaceOrientations_iPad = "UIInterfaceOrientationPortrait UIInterfaceOrientationPortraitUpsideDown UIInterfaceOrientationLandscapeLeft UIInterfaceOrientationLandscapeRight";
				INFOPLIST_KEY_UISupportedInterfaceOrientations_iPhone = "UIInterfaceOrientationPortrait UIInterfaceOrientationLandscapeLeft UIInterfaceOrientationLandscapeRight";
				LD_RUNPATH_SEARCH_PATHS = (
					"$(inherited)",
					"@executable_path/Frameworks",
				);
				MARKETING_VERSION = 1.0;
				PRODUCT_BUNDLE_IDENTIFIER = "Quoc-Le.instantEmail";
				PRODUCT_NAME = "$(TARGET_NAME)";
				SWIFT_EMIT_LOC_STRINGS = YES;
				TARGETED_DEVICE_FAMILY = "1,2";
			};
			name = Release;
		};
		7A041669298AEFB300AC2312 /* Debug */ = {
			isa = XCBuildConfiguration;
			buildSettings = {
				BUNDLE_LOADER = "$(TEST_HOST)";
				CODE_SIGN_STYLE = Automatic;
				CURRENT_PROJECT_VERSION = 1;
				GENERATE_INFOPLIST_FILE = YES;
				IPHONEOS_DEPLOYMENT_TARGET = 16.2;
				MARKETING_VERSION = 1.0;
				PRODUCT_BUNDLE_IDENTIFIER = "Quoc-Le.instantEmailTests";
				PRODUCT_NAME = "$(TARGET_NAME)";
				SWIFT_EMIT_LOC_STRINGS = NO;
				TARGETED_DEVICE_FAMILY = "1,2";
				TEST_HOST = "$(BUILT_PRODUCTS_DIR)/instaEmail.app/$(BUNDLE_EXECUTABLE_FOLDER_PATH)/instaEmail";
			};
			name = Debug;
		};
		7A04166A298AEFB300AC2312 /* Release */ = {
			isa = XCBuildConfiguration;
			buildSettings = {
				BUNDLE_LOADER = "$(TEST_HOST)";
				CODE_SIGN_STYLE = Automatic;
				CURRENT_PROJECT_VERSION = 1;
				GENERATE_INFOPLIST_FILE = YES;
				IPHONEOS_DEPLOYMENT_TARGET = 16.2;
				MARKETING_VERSION = 1.0;
				PRODUCT_BUNDLE_IDENTIFIER = "Quoc-Le.instantEmailTests";
				PRODUCT_NAME = "$(TARGET_NAME)";
				SWIFT_EMIT_LOC_STRINGS = NO;
				TARGETED_DEVICE_FAMILY = "1,2";
				TEST_HOST = "$(BUILT_PRODUCTS_DIR)/instaEmail.app/$(BUNDLE_EXECUTABLE_FOLDER_PATH)/instaEmail";
			};
			name = Release;
		};
		7A04166C298AEFB300AC2312 /* Debug */ = {
			isa = XCBuildConfiguration;
			buildSettings = {
				CODE_SIGN_STYLE = Automatic;
				CURRENT_PROJECT_VERSION = 1;
				GENERATE_INFOPLIST_FILE = YES;
				MARKETING_VERSION = 1.0;
				PRODUCT_BUNDLE_IDENTIFIER = "Quoc-Le.instantEmailUITests";
				PRODUCT_NAME = "$(TARGET_NAME)";
				SWIFT_EMIT_LOC_STRINGS = NO;
				TARGETED_DEVICE_FAMILY = "1,2";
				TEST_TARGET_NAME = instantEmail;
			};
			name = Debug;
		};
		7A04166D298AEFB300AC2312 /* Release */ = {
			isa = XCBuildConfiguration;
			buildSettings = {
				CODE_SIGN_STYLE = Automatic;
				CURRENT_PROJECT_VERSION = 1;
				GENERATE_INFOPLIST_FILE = YES;
				MARKETING_VERSION = 1.0;
				PRODUCT_BUNDLE_IDENTIFIER = "Quoc-Le.instantEmailUITests";
				PRODUCT_NAME = "$(TARGET_NAME)";
				SWIFT_EMIT_LOC_STRINGS = NO;
				TARGETED_DEVICE_FAMILY = "1,2";
				TEST_TARGET_NAME = instantEmail;
			};
			name = Release;
		};
/* End XCBuildConfiguration section */

/* Begin XCConfigurationList section */
		7A041631298AEFB000AC2312 /* Build configuration list for PBXProject "instaEmail" */ = {
			isa = XCConfigurationList;
			buildConfigurations = (
				7A041663298AEFB300AC2312 /* Debug */,
				7A041664298AEFB300AC2312 /* Release */,
			);
			defaultConfigurationIsVisible = 0;
			defaultConfigurationName = Release;
		};
		7A041665298AEFB300AC2312 /* Build configuration list for PBXNativeTarget "instaEmail" */ = {
			isa = XCConfigurationList;
			buildConfigurations = (
				7A041666298AEFB300AC2312 /* Debug */,
				7A041667298AEFB300AC2312 /* Release */,
			);
			defaultConfigurationIsVisible = 0;
			defaultConfigurationName = Release;
		};
		7A041668298AEFB300AC2312 /* Build configuration list for PBXNativeTarget "instaEmailTests" */ = {
			isa = XCConfigurationList;
			buildConfigurations = (
				7A041669298AEFB300AC2312 /* Debug */,
				7A04166A298AEFB300AC2312 /* Release */,
			);
			defaultConfigurationIsVisible = 0;
			defaultConfigurationName = Release;
		};
		7A04166B298AEFB300AC2312 /* Build configuration list for PBXNativeTarget "instaEmailUITests" */ = {
			isa = XCConfigurationList;
			buildConfigurations = (
				7A04166C298AEFB300AC2312 /* Debug */,
				7A04166D298AEFB300AC2312 /* Release */,
			);
			defaultConfigurationIsVisible = 0;
			defaultConfigurationName = Release;
		};
/* End XCConfigurationList section */
	};
	rootObject = 7A04162E298AEFB000AC2312 /* Project object */;
}
